
Microsoft Visual Studio Solution File, Format Version 12.00
# Visual Studio Version 17
VisualStudioVersion = 17.9.34728.123
MinimumVisualStudioVersion = 10.0.40219.1
Project("{FAE04EC0-301F-11D3-BF4B-00C04F79EFBC}") = "GrpcClient", "GrpcClient\GrpcClient.csproj", "{FB59B6AA-709E-4814-8593-94147A0B9889}"
EndProject
Project("{FAE04EC0-301F-11D3-BF4B-00C04F79EFBC}") = "GrpcServer", "GrpcServer\GrpcServer.csproj", "{1BC4D187-6DE9-4AEB-9698-31203A9516FE}"
EndProject
Project("{2150E333-8FDC-42A3-9474-1A3956D46DE8}") = "Solution Items", "Solution Items", "{C105E9BF-47D0-4B33-AB3D-75AE26FE5E82}"
	ProjectSection(SolutionItems) = preProject
		.gitignore = .gitignore
	EndProjectSection
EndProject
Global
	GlobalSection(SolutionConfigurationPlatforms) = preSolution
		Debug|Any CPU = Debug|Any CPU
		Release|Any CPU = Release|Any CPU
	EndGlobalSection
	GlobalSection(ProjectConfigurationPlatforms) = postSolution
		{FB59B6AA-709E-4814-8593-94147A0B9889}.Debug|Any CPU.ActiveCfg = Debug|Any CPU
		{FB59B6AA-709E-4814-8593-94147A0B9889}.Debug|Any CPU.Build.0 = Debug|Any CPU
		{FB59B6AA-709E-4814-8593-94147A0B9889}.Release|Any CPU.ActiveCfg = Release|Any CPU
		{FB59B6AA-709E-4814-8593-94147A0B9889}.Release|Any CPU.Build.0 = Release|Any CPU
		{1BC4D187-6DE9-4AEB-9698-31203A9516FE}.Debug|Any CPU.ActiveCfg = Debug|Any CPU
		{1BC4D187-6DE9-4AEB-9698-31203A9516FE}.Debug|Any CPU.Build.0 = Debug|Any CPU
		{1BC4D187-6DE9-4AEB-9698-31203A9516FE}.Release|Any CPU.ActiveCfg = Release|Any CPU
		{1BC4D187-6DE9-4AEB-9698-31203A9516FE}.Release|Any CPU.Build.0 = Release|Any CPU
	EndGlobalSection
	GlobalSection(SolutionProperties) = preSolution
		HideSolutionNode = FALSE
	EndGlobalSection
	GlobalSection(ExtensibilityGlobals) = postSolution
		SolutionGuid = {4D38803D-CB64-4B3F-A15C-418ED835A16F}
	EndGlobalSection
EndGlobal
